
Microsoft Visual Studio Solution File, Format Version 12.00
# Visual Studio Version 16
VisualStudioVersion = 16.0.33927.289
MinimumVisualStudioVersion = 10.0.40219.1
Project("{FAE04EC0-301F-11D3-BF4B-00C04F79EFBC}") = "ConsoleApp", "ConsoleApp\ConsoleApp.csproj", "{846614D6-494B-48E0-BA56-32C77B4688DF}"
EndProject
Project("{FAE04EC0-301F-11D3-BF4B-00C04F79EFBC}") = "GUI", "GUI\GUI.csproj", "{0C41678B-91E4-41B8-A577-DAB7D992B498}"
EndProject
Global
	GlobalSection(SolutionConfigurationPlatforms) = preSolution
		Debug|Any CPU = Debug|Any CPU
		Release|Any CPU = Release|Any CPU
	EndGlobalSection
	GlobalSection(ProjectConfigurationPlatforms) = postSolution
		{846614D6-494B-48E0-BA56-32C77B4688DF}.Debug|Any CPU.ActiveCfg = Debug|Any CPU
		{846614D6-494B-48E0-BA56-32C77B4688DF}.Debug|Any CPU.Build.0 = Debug|Any CPU
		{846614D6-494B-48E0-BA56-32C77B4688DF}.Release|Any CPU.ActiveCfg = Release|Any CPU
		{846614D6-494B-48E0-BA56-32C77B4688DF}.Release|Any CPU.Build.0 = Release|Any CPU
		{0C41678B-91E4-41B8-A577-DAB7D992B498}.Debug|Any CPU.ActiveCfg = Debug|Any CPU
		{0C41678B-91E4-41B8-A577-DAB7D992B498}.Debug|Any CPU.Build.0 = Debug|Any CPU
		{0C41678B-91E4-41B8-A577-DAB7D992B498}.Release|Any CPU.ActiveCfg = Release|Any CPU
		{0C41678B-91E4-41B8-A577-DAB7D992B498}.Release|Any CPU.Build.0 = Release|Any CPU
	EndGlobalSection
	GlobalSection(SolutionProperties) = preSolution
		HideSolutionNode = FALSE
	EndGlobalSection
	GlobalSection(ExtensibilityGlobals) = postSolution
		SolutionGuid = {66FF28E9-E7A4-42BA-B794-95BB0048AF8A}
	EndGlobalSection
EndGlobal
